
Microsoft Visual Studio Solution File, Format Version 12.00
# Visual Studio Version 16
VisualStudioVersion = 16.0.29306.81
MinimumVisualStudioVersion = 10.0.40219.1
Project("{FAE04EC0-301F-11D3-BF4B-00C04F79EFBC}") = "Rus OOP 4.2", "Rus OOP 4.2\Rus OOP 4.2.csproj", "{C5DC89F3-D85A-4D92-9968-5C4E0C5BC08B}"
EndProject
Global
	GlobalSection(SolutionConfigurationPlatforms) = preSolution
		Debug|Any CPU = Debug|Any CPU
		Release|Any CPU = Release|Any CPU
	EndGlobalSection
	GlobalSection(ProjectConfigurationPlatforms) = postSolution
		{C5DC89F3-D85A-4D92-9968-5C4E0C5BC08B}.Debug|Any CPU.ActiveCfg = Debug|Any CPU
		{C5DC89F3-D85A-4D92-9968-5C4E0C5BC08B}.Debug|Any CPU.Build.0 = Debug|Any CPU
		{C5DC89F3-D85A-4D92-9968-5C4E0C5BC08B}.Release|Any CPU.ActiveCfg = Release|Any CPU
		{C5DC89F3-D85A-4D92-9968-5C4E0C5BC08B}.Release|Any CPU.Build.0 = Release|Any CPU
	EndGlobalSection
	GlobalSection(SolutionProperties) = preSolution
		HideSolutionNode = FALSE
	EndGlobalSection
	GlobalSection(ExtensibilityGlobals) = postSolution
		SolutionGuid = {03CAC6EE-4432-46EA-B905-2B85A730FEE1}
	EndGlobalSection
EndGlobal
